lockfileVersion: '9.0'

settings:
  autoInstallPeers: true
  excludeLinksFromLockfile: false

importers:

  .:
    dependencies:
      fuzzysort:
        specifier: ^3.1.0
        version: 3.1.0

packages:

  fuzzysort@3.1.0:
    resolution: {integrity: sha512-sR9BNCjBg6LNgwvxlBd0sBABvQitkLzoVY9MYYROQVX/FvfJ4Mai9LsGhDgd8qYdds0bY77VzYd5iuB+v5rwQQ==}

snapshots:

  fuzzysort@3.1.0: {}
